{
  "nodes": {
    "nixpkgs": {
      "locked": {
        "lastModified": 1703778024,
        "narHash": "sha256-UZq6+D3nZo8CN11i3xss30k83qLD60jS+Wr3uuASCIQ=",
        "owner": "NixOS",
        "repo": "nixpkgs",
        "rev": "d8746c1ce0635898dd906656d4a47d2e9d5e621b",
        "type": "github"
      },
      "original": {
        "id": "nixpkgs",
        "ref": "master",
        "type": "indirect"
      }
    },
    "root": {
      "inputs": {
        "nixpkgs": "nixpkgs"
      }
    }
  },
  "root": "root",
  "version": 7
}
