{
  "nodes": {
    "nixpkgs": {
      "locked": {
        "lastModified": 1703415892,
        "narHash": "sha256-dSQD55LUO2t5JLQJp+wO6QdcftF65KqiNxgh5NRZwLE=",
        "owner": "NixOS",
        "repo": "nixpkgs",
        "rev": "e18dd77cff5144f6ab778264c3dcbd946ff3142f",
        "type": "github"
      },
      "original": {
        "id": "nixpkgs",
        "ref": "master",
        "type": "indirect"
      }
    },
    "root": {
      "inputs": {
        "nixpkgs": "nixpkgs"
      }
    }
  },
  "root": "root",
  "version": 7
}
